{"format_version":"1.2","terraform_version":"1.5.0","variables":{"ressource_group_name":{"value":"test"}},"planned_values":{"outputs":{"created_ressource_name":{"sensitive":false}},"root_module":{"resources":[{"address":"azurerm_resource_group.rg","mode":"managed","type":"azurerm_resource_group","name":"rg","provider_name":"registry.terraform.io/hashicorp/azurerm","schema_version":0,"values":{"location":"switzerlandnorth","managed_by":null,"tags":null,"timeouts":null},"sensitive_values":{}},{"address":"azurerm_storage_account.storagaeaccount","mode":"managed","type":"azurerm_storage_account","name":"storagaeaccount","provider_name":"registry.terraform.io/hashicorp/azurerm","schema_version":4,"values":{"account_kind":"StorageV2","account_replication_type":"LRS","account_tier":"Standard","allow_nested_items_to_be_public":true,"allowed_copy_scope":null,"azure_files_authentication":[],"cross_tenant_replication_enabled":true,"custom_domain":[],"customer_managed_key":[],"default_to_oauth_authentication":false,"edge_zone":null,"enable_https_traffic_only":true,"identity":[],"immutability_policy":[],"infrastructure_encryption_enabled":false,"is_hns_enabled":false,"min_tls_version":"TLS1_2","nfsv3_enabled":false,"public_network_access_enabled":true,"queue_encryption_key_type":"Service","sas_policy":[],"sftp_enabled":false,"shared_access_key_enabled":true,"static_website":[],"table_encryption_key_type":"Service","tags":null,"timeouts":null},"sensitive_values":{"azure_files_authentication":[],"blob_properties":[],"custom_domain":[],"customer_managed_key":[],"identity":[],"immutability_policy":[],"network_rules":[],"queue_properties":[],"routing":[],"sas_policy":[],"share_properties":[],"static_website":[]}},{"address":"random_integer.id","mode":"managed","type":"random_integer","name":"id","provider_name":"registry.terraform.io/hashicorp/random","schema_version":0,"values":{"keepers":null,"max":750,"min":1,"seed":null},"sensitive_values":{}}]}},"resource_changes":[{"address":"azurerm_resource_group.rg","mode":"managed","type":"azurerm_resource_group","name":"rg","provider_name":"registry.terraform.io/hashicorp/azurerm","change":{"actions":["create"],"before":null,"after":{"location":"switzerlandnorth","managed_by":null,"tags":null,"timeouts":null},"after_unknown":{"id":true,"name":true},"before_sensitive":false,"after_sensitive":{}}},{"address":"azurerm_storage_account.storagaeaccount","mode":"managed","type":"azurerm_storage_account","name":"storagaeaccount","provider_name":"registry.terraform.io/hashicorp/azurerm","change":{"actions":["create"],"before":null,"after":{"account_kind":"StorageV2","account_replication_type":"LRS","account_tier":"Standard","allow_nested_items_to_be_public":true,"allowed_copy_scope":null,"azure_files_authentication":[],"cross_tenant_replication_enabled":true,"custom_domain":[],"customer_managed_key":[],"default_to_oauth_authentication":false,"edge_zone":null,"enable_https_traffic_only":true,"identity":[],"immutability_policy":[],"infrastructure_encryption_enabled":false,"is_hns_enabled":false,"min_tls_version":"TLS1_2","nfsv3_enabled":false,"public_network_access_enabled":true,"queue_encryption_key_type":"Service","sas_policy":[],"sftp_enabled":false,"shared_access_key_enabled":true,"static_website":[],"table_encryption_key_type":"Service","tags":null,"timeouts":null},"after_unknown":{"access_tier":true,"azure_files_authentication":[],"blob_properties":true,"custom_domain":[],"customer_managed_key":[],"id":true,"identity":[],"immutability_policy":[],"large_file_share_enabled":true,"location":true,"name":true,"network_rules":true,"primary_access_key":true,"primary_blob_connection_string":true,"primary_blob_endpoint":true,"primary_blob_host":true,"primary_connection_string":true,"primary_dfs_endpoint":true,"primary_dfs_host":true,"primary_file_endpoint":true,"primary_file_host":true,"primary_location":true,"primary_queue_endpoint":true,"primary_queue_host":true,"primary_table_endpoint":true,"primary_table_host":true,"primary_web_endpoint":true,"primary_web_host":true,"queue_properties":true,"resource_group_name":true,"routing":true,"sas_policy":[],"secondary_access_key":true,"secondary_blob_connection_string":true,"secondary_blob_endpoint":true,"secondary_blob_host":true,"secondary_connection_string":true,"secondary_dfs_endpoint":true,"secondary_dfs_host":true,"secondary_file_endpoint":true,"secondary_file_host":true,"secondary_location":true,"secondary_queue_endpoint":true,"secondary_queue_host":true,"secondary_table_endpoint":true,"secondary_table_host":true,"secondary_web_endpoint":true,"secondary_web_host":true,"share_properties":true,"static_website":[]},"before_sensitive":false,"after_sensitive":{"azure_files_authentication":[],"blob_properties":[],"custom_domain":[],"customer_managed_key":[],"identity":[],"immutability_policy":[],"network_rules":[],"primary_access_key":true,"primary_blob_connection_string":true,"primary_connection_string":true,"queue_properties":[],"routing":[],"sas_policy":[],"secondary_access_key":true,"secondary_blob_connection_string":true,"secondary_connection_string":true,"share_properties":[],"static_website":[]}}},{"address":"random_integer.id","mode":"managed","type":"random_integer","name":"id","provider_name":"registry.terraform.io/hashicorp/random","change":{"actions":["create"],"before":null,"after":{"keepers":null,"max":750,"min":1,"seed":null},"after_unknown":{"id":true,"result":true},"before_sensitive":false,"after_sensitive":{}}}],"output_changes":{"created_ressource_name":{"actions":["create"],"before":null,"after_unknown":true,"before_sensitive":false,"after_sensitive":false}},"configuration":{"provider_config":{"azurerm":{"name":"azurerm","full_name":"registry.terraform.io/hashicorp/azurerm","version_constraint":"3.82.0","expressions":{"features":[{}],"subscription_id":{"constant_value":"ee601051-87dc-4044-bd7d-4f174dd33719"}}},"random":{"name":"random","full_name":"registry.terraform.io/hashicorp/random","version_constraint":"3.5.1"}},"root_module":{"outputs":{"created_ressource_name":{"expression":{"references":["azurerm_resource_group.rg.name","azurerm_resource_group.rg"]}}},"resources":[{"address":"azurerm_resource_group.rg","mode":"managed","type":"azurerm_resource_group","name":"rg","provider_config_key":"azurerm","expressions":{"location":{"constant_value":"switzerlandnorth"},"name":{"references":["var.ressource_group_name","random_integer.id.result","random_integer.id"]}},"schema_version":0},{"address":"azurerm_storage_account.storagaeaccount","mode":"managed","type":"azurerm_storage_account","name":"storagaeaccount","provider_config_key":"azurerm","expressions":{"account_replication_type":{"constant_value":"LRS"},"account_tier":{"constant_value":"Standard"},"location":{"references":["azurerm_resource_group.rg.name","azurerm_resource_group.rg"]},"name":{"references":["random_integer.id.result","random_integer.id"]},"resource_group_name":{"references":["azurerm_resource_group.rg.name","azurerm_resource_group.rg"]}},"schema_version":4},{"address":"random_integer.id","mode":"managed","type":"random_integer","name":"id","provider_config_key":"random","expressions":{"max":{"references":["local.max_int"]},"min":{"constant_value":1}},"schema_version":0}],"variables":{"ressource_group_name":{}}}},"relevant_attributes":[{"resource":"azurerm_resource_group.rg","attribute":["name"]},{"resource":"random_integer.id","attribute":["result"]}],"timestamp":"2023-12-06T03:26:23Z"}
